// !$*UTF8*$!
{
	archiveVersion = 1;
	classes = {
	};
	objectVersion = 77;
	objects = {

/* Begin PBXBuildFile section */
		29AF9D052F318C37008A6EDB /* RealmSwift in Embed Frameworks */ = {isa = PBXBuildFile; productRef = 29E3994B2F0E900200E98633 /* RealmSwift */; settings = {ATTRIBUTES = (CodeSignOnCopy, ); }; };
		29CDEAC22F35E6B1003A2DCA /* GoogleSignIn in Frameworks */ = {isa = PBXBuildFile; productRef = 29CDEAC12F35E6B1003A2DCA /* GoogleSignIn */; };
		29E399522F0E900000E98633 /* Alamofire in Frameworks */ = {isa = PBXBuildFile; productRef = 29E399492F0E900000E98633 /* Alamofire */; };
		29E399532F0E900100E98633 /* SocketIO in Frameworks */ = {isa = PBXBuildFile; productRef = 29E3994A2F0E900100E98633 /* SocketIO */; };
		29E399542F0E900200E98633 /* RealmSwift in Frameworks */ = {isa = PBXBuildFile; productRef = 29E3994B2F0E900200E98633 /* RealmSwift */; };
		29E399552F0E900300E98633 /* Kingfisher in Frameworks */ = {isa = PBXBuildFile; productRef = 29E3994C2F0E900300E98633 /* Kingfisher */; };
		29E399562F0E900400E98633 /* KeychainAccess in Frameworks */ = {isa = PBXBuildFile; productRef = 29E3994D2F0E900400E98633 /* KeychainAccess */; };
		29E399572F0E900500E98633 /* Dependencies in Frameworks */ = {isa = PBXBuildFile; productRef = 29E3994E2F0E900500E98633 /* Dependencies */; };
		29E399582F0E900600E98633 /* Logging in Frameworks */ = {isa = PBXBuildFile; productRef = 29E3994F2F0E900600E98633 /* Logging */; };
		29E3995A2F0E900800E98633 /* MapLibre in Frameworks */ = {isa = PBXBuildFile; productRef = 29E399512F0E900800E98633 /* MapLibre */; };
		29EC90F52F487E73008C110A /* WidgetKit.framework in Frameworks */ = {isa = PBXBuildFile; fileRef = 29EC90F42F487E73008C110A /* WidgetKit.framework */; };
		29EC90F72F487E73008C110A /* SwiftUI.framework in Frameworks */ = {isa = PBXBuildFile; fileRef = 29EC90F62F487E73008C110A /* SwiftUI.framework */; };
		29EC91082F487E73008C110A /* FunnyPixelsWidgetExtension.appex in Embed Foundation Extensions */ = {isa = PBXBuildFile; fileRef = 29EC90F22F487E73008C110A /* FunnyPixelsWidgetExtension.appex */; settings = {ATTRIBUTES = (RemoveHeadersOnCopy, ); }; };
/* End PBXBuildFile section */

/* Begin PBXContainerItemProxy section */
		29E399192F0E031200E98633 /* PBXContainerItemProxy */ = {
			isa = PBXContainerItemProxy;
			containerPortal = 29E399032F0E031100E98633 /* Project object */;
			proxyType = 1;
			remoteGlobalIDString = 29E3990A2F0E031100E98633;
			remoteInfo = FunnyPixelsApp;
		};
		29E399232F0E031200E98633 /* PBXContainerItemProxy */ = {
			isa = PBXContainerItemProxy;
			containerPortal = 29E399032F0E031100E98633 /* Project object */;
			proxyType = 1;
			remoteGlobalIDString = 29E3990A2F0E031100E98633;
			remoteInfo = FunnyPixelsApp;
		};
		29EC91062F487E73008C110A /* PBXContainerItemProxy */ = {
			isa = PBXContainerItemProxy;
			containerPortal = 29E399032F0E031100E98633 /* Project object */;
			proxyType = 1;
			remoteGlobalIDString = 29EC90F12F487E73008C110A;
			remoteInfo = FunnyPixelsWidgetExtension;
		};
/* End PBXContainerItemProxy section */

/* Begin PBXCopyFilesBuildPhase section */
		29AF9D062F318C37008A6EDB /* Embed Frameworks */ = {
			isa = PBXCopyFilesBuildPhase;
			buildActionMask = 2147483647;
			dstPath = "";
			dstSubfolderSpec = 10;
			files = (
				29AF9D052F318C37008A6EDB /* RealmSwift in Embed Frameworks */,
			);
			name = "Embed Frameworks";
			runOnlyForDeploymentPostprocessing = 0;
		};
		29EC91092F487E73008C110A /* Embed Foundation Extensions */ = {
			isa = PBXCopyFilesBuildPhase;
			buildActionMask = 2147483647;
			dstPath = "";
			dstSubfolderSpec = 13;
			files = (
				29EC91082F487E73008C110A /* FunnyPixelsWidgetExtension.appex in Embed Foundation Extensions */,
			);
			name = "Embed Foundation Extensions";
			runOnlyForDeploymentPostprocessing = 0;
		};
/* End PBXCopyFilesBuildPhase section */

/* Begin PBXFileReference section */
		29E3990B2F0E031100E98633 /* FunnyPixelsApp.app */ = {isa = PBXFileReference; explicitFileType = wrapper.application; includeInIndex = 0; path = FunnyPixelsApp.app; sourceTree = BUILT_PRODUCTS_DIR; };
		29E399182F0E031200E98633 /* FunnyPixelsAppTests.xctest */ = {isa = PBXFileReference; explicitFileType = wrapper.cfbundle; includeInIndex = 0; path = FunnyPixelsAppTests.xctest; sourceTree = BUILT_PRODUCTS_DIR; };
		29E399222F0E031200E98633 /* FunnyPixelsAppUITests.xctest */ = {isa = PBXFileReference; explicitFileType = wrapper.cfbundle; includeInIndex = 0; path = FunnyPixelsAppUITests.xctest; sourceTree = BUILT_PRODUCTS_DIR; };
		29EC90F22F487E73008C110A /* FunnyPixelsWidgetExtension.appex */ = {isa = PBXFileReference; explicitFileType = "wrapper.app-extension"; includeInIndex = 0; path = FunnyPixelsWidgetExtension.appex; sourceTree = BUILT_PRODUCTS_DIR; };
		29EC90F42F487E73008C110A /* WidgetKit.framework */ = {isa = PBXFileReference; lastKnownFileType = wrapper.framework; name = WidgetKit.framework; path = System/Library/Frameworks/WidgetKit.framework; sourceTree = SDKROOT; };
		29EC90F62F487E73008C110A /* SwiftUI.framework */ = {isa = PBXFileReference; lastKnownFileType = wrapper.framework; name = SwiftUI.framework; path = System/Library/Frameworks/SwiftUI.framework; sourceTree = SDKROOT; };
/* End PBXFileReference section */

/* Begin PBXFileSystemSynchronizedBuildFileExceptionSet section */
		29B6F04E2F25E6760018CD49 /* Exceptions for "FunnyPixelsApp" folder in "FunnyPixelsApp" target */ = {
			isa = PBXFileSystemSynchronizedBuildFileExceptionSet;
			membershipExceptions = (
				Info.plist,
			);
			target = 29E3990A2F0E031100E98633 /* FunnyPixelsApp */;
		};
		29EC910D2F487E73008C110A /* Exceptions for "FunnyPixelsWidget" folder in "FunnyPixelsWidgetExtension" target */ = {
			isa = PBXFileSystemSynchronizedBuildFileExceptionSet;
			membershipExceptions = (
				Info.plist,
			);
			target = 29EC90F12F487E73008C110A /* FunnyPixelsWidgetExtension */;
		};
/* End PBXFileSystemSynchronizedBuildFileExceptionSet section */

/* Begin PBXFileSystemSynchronizedRootGroup section */
		29E3990D2F0E031100E98633 /* FunnyPixelsApp */ = {
			isa = PBXFileSystemSynchronizedRootGroup;
			exceptions = (
				29B6F04E2F25E6760018CD49 /* Exceptions for "FunnyPixelsApp" folder in "FunnyPixelsApp" target */,
			);
			path = FunnyPixelsApp;
			sourceTree = "<group>";
		};
		29E3991B2F0E031200E98633 /* FunnyPixelsAppTests */ = {
			isa = PBXFileSystemSynchronizedRootGroup;
			path = FunnyPixelsAppTests;
			sourceTree = "<group>";
		};
		29E399252F0E031200E98633 /* FunnyPixelsAppUITests */ = {
			isa = PBXFileSystemSynchronizedRootGroup;
			path = FunnyPixelsAppUITests;
			sourceTree = "<group>";
		};
		29EC90F82F487E73008C110A /* FunnyPixelsWidget */ = {
			isa = PBXFileSystemSynchronizedRootGroup;
			exceptions = (
				29EC910D2F487E73008C110A /* Exceptions for "FunnyPixelsWidget" folder in "FunnyPixelsWidgetExtension" target */,
			);
			path = FunnyPixelsWidget;
			sourceTree = "<group>";
		};
/* End PBXFileSystemSynchronizedRootGroup section */

/* Begin PBXFrameworksBuildPhase section */
		29E399082F0E031100E98633 /* Frameworks */ = {
			isa = PBXFrameworksBuildPhase;
			buildActionMask = 2147483647;
			files = (
				29E399522F0E900000E98633 /* Alamofire in Frameworks */,
				29E399532F0E900100E98633 /* SocketIO in Frameworks */,
				29E399542F0E900200E98633 /* RealmSwift in Frameworks */,
				29E399552F0E900300E98633 /* Kingfisher in Frameworks */,
				29E399562F0E900400E98633 /* KeychainAccess in Frameworks */,
				29CDEAC22F35E6B1003A2DCA /* GoogleSignIn in Frameworks */,
				29E399572F0E900500E98633 /* Dependencies in Frameworks */,
				29E399582F0E900600E98633 /* Logging in Frameworks */,
				29E3995A2F0E900800E98633 /* MapLibre in Frameworks */,
			);
			runOnlyForDeploymentPostprocessing = 0;
		};
		29E399152F0E031200E98633 /* Frameworks */ = {
			isa = PBXFrameworksBuildPhase;
			buildActionMask = 2147483647;
			files = (
			);
			runOnlyForDeploymentPostprocessing = 0;
		};
		29E3991F2F0E031200E98633 /* Frameworks */ = {
			isa = PBXFrameworksBuildPhase;
			buildActionMask = 2147483647;
			files = (
			);
			runOnlyForDeploymentPostprocessing = 0;
		};
		29EC90EF2F487E73008C110A /* Frameworks */ = {
			isa = PBXFrameworksBuildPhase;
			buildActionMask = 2147483647;
			files = (
				29EC90F72F487E73008C110A /* SwiftUI.framework in Frameworks */,
				29EC90F52F487E73008C110A /* WidgetKit.framework in Frameworks */,
			);
			runOnlyForDeploymentPostprocessing = 0;
		};
/* End PBXFrameworksBuildPhase section */

/* Begin PBXGroup section */
		29E399022F0E031100E98633 = {
			isa = PBXGroup;
			children = (
				29E3990D2F0E031100E98633 /* FunnyPixelsApp */,
				29E3991B2F0E031200E98633 /* FunnyPixelsAppTests */,
				29E399252F0E031200E98633 /* FunnyPixelsAppUITests */,
				29EC90F82F487E73008C110A /* FunnyPixelsWidget */,
				29EC90F32F487E73008C110A /* Frameworks */,
				29E3990C2F0E031100E98633 /* Products */,
			);
			sourceTree = "<group>";
		};
		29E3990C2F0E031100E98633 /* Products */ = {
			isa = PBXGroup;
			children = (
				29E3990B2F0E031100E98633 /* FunnyPixelsApp.app */,
				29E399182F0E031200E98633 /* FunnyPixelsAppTests.xctest */,
				29E399222F0E031200E98633 /* FunnyPixelsAppUITests.xctest */,
				29EC90F22F487E73008C110A /* FunnyPixelsWidgetExtension.appex */,
			);
			name = Products;
			sourceTree = "<group>";
		};
		29EC90F32F487E73008C110A /* Frameworks */ = {
			isa = PBXGroup;
			children = (
				29EC90F42F487E73008C110A /* WidgetKit.framework */,
				29EC90F62F487E73008C110A /* SwiftUI.framework */,
			);
			name = Frameworks;
			sourceTree = "<group>";
		};
/* End PBXGroup section */

/* Begin PBXNativeTarget section */
		29E3990A2F0E031100E98633 /* FunnyPixelsApp */ = {
			isa = PBXNativeTarget;
			buildConfigurationList = 29E3992C2F0E031200E98633 /* Build configuration list for PBXNativeTarget "FunnyPixelsApp" */;
			buildPhases = (
				29E399072F0E031100E98633 /* Sources */,
				29E399082F0E031100E98633 /* Frameworks */,
				29E399092F0E031100E98633 /* Resources */,
				29AF9D062F318C37008A6EDB /* Embed Frameworks */,
				29EC91092F487E73008C110A /* Embed Foundation Extensions */,
			);
			buildRules = (
			);
			dependencies = (
				29EC91072F487E73008C110A /* PBXTargetDependency */,
			);
			fileSystemSynchronizedGroups = (
				29E3990D2F0E031100E98633 /* FunnyPixelsApp */,
			);
			name = FunnyPixelsApp;
			packageProductDependencies = (
				29E399492F0E900000E98633 /* Alamofire */,
				29E3994A2F0E900100E98633 /* SocketIO */,
				29E3994B2F0E900200E98633 /* RealmSwift */,
				29E3994C2F0E900300E98633 /* Kingfisher */,
				29E3994D2F0E900400E98633 /* KeychainAccess */,
				29E3994E2F0E900500E98633 /* Dependencies */,
				29E3994F2F0E900600E98633 /* Logging */,
				29E399512F0E900800E98633 /* MapLibre */,
				29CDEAC12F35E6B1003A2DCA /* GoogleSignIn */,
			);
			productName = FunnyPixelsApp;
			productReference = 29E3990B2F0E031100E98633 /* FunnyPixelsApp.app */;
			productType = "com.apple.product-type.application";
		};
		29E399172F0E031200E98633 /* FunnyPixelsAppTests */ = {
			isa = PBXNativeTarget;
			buildConfigurationList = 29E3992F2F0E031200E98633 /* Build configuration list for PBXNativeTarget "FunnyPixelsAppTests" */;
			buildPhases = (
				29E399142F0E031200E98633 /* Sources */,
				29E399152F0E031200E98633 /* Frameworks */,
				29E399162F0E031200E98633 /* Resources */,
			);
			buildRules = (
			);
			dependencies = (
				29E3991A2F0E031200E98633 /* PBXTargetDependency */,
			);
			fileSystemSynchronizedGroups = (
				29E3991B2F0E031200E98633 /* FunnyPixelsAppTests */,
			);
			name = FunnyPixelsAppTests;
			packageProductDependencies = (
			);
			productName = FunnyPixelsAppTests;
			productReference = 29E399182F0E031200E98633 /* FunnyPixelsAppTests.xctest */;
			productType = "com.apple.product-type.bundle.unit-test";
		};
		29E399212F0E031200E98633 /* FunnyPixelsAppUITests */ = {
			isa = PBXNativeTarget;
			buildConfigurationList = 29E399322F0E031200E98633 /* Build configuration list for PBXNativeTarget "FunnyPixelsAppUITests" */;
			buildPhases = (
				29E3991E2F0E031200E98633 /* Sources */,
				29E3991F2F0E031200E98633 /* Frameworks */,
				29E399202F0E031200E98633 /* Resources */,
			);
			buildRules = (
			);
			dependencies = (
				29E399242F0E031200E98633 /* PBXTargetDependency */,
			);
			fileSystemSynchronizedGroups = (
				29E399252F0E031200E98633 /* FunnyPixelsAppUITests */,
			);
			name = FunnyPixelsAppUITests;
			packageProductDependencies = (
			);
			productName = FunnyPixelsAppUITests;
			productReference = 29E399222F0E031200E98633 /* FunnyPixelsAppUITests.xctest */;
			productType = "com.apple.product-type.bundle.ui-testing";
		};
		29EC90F12F487E73008C110A /* FunnyPixelsWidgetExtension */ = {
			isa = PBXNativeTarget;
			buildConfigurationList = 29EC910C2F487E73008C110A /* Build configuration list for PBXNativeTarget "FunnyPixelsWidgetExtension" */;
			buildPhases = (
				29EC90EE2F487E73008C110A /* Sources */,
				29EC90EF2F487E73008C110A /* Frameworks */,
				29EC90F02F487E73008C110A /* Resources */,
			);
			buildRules = (
			);
			dependencies = (
			);
			fileSystemSynchronizedGroups = (
				29EC90F82F487E73008C110A /* FunnyPixelsWidget */,
			);
			name = FunnyPixelsWidgetExtension;
			packageProductDependencies = (
			);
			productName = FunnyPixelsWidgetExtension;
			productReference = 29EC90F22F487E73008C110A /* FunnyPixelsWidgetExtension.appex */;
			productType = "com.apple.product-type.app-extension";
		};
/* End PBXNativeTarget section */

/* Begin PBXProject section */
		29E399032F0E031100E98633 /* Project object */ = {
			isa = PBXProject;
			attributes = {
				BuildIndependentTargetsInParallel = 1;
				LastSwiftUpdateCheck = 2620;
				LastUpgradeCheck = 2620;
				TargetAttributes = {
					29E3990A2F0E031100E98633 = {
						CreatedOnToolsVersion = 26.2;
					};
					29E399172F0E031200E98633 = {
						CreatedOnToolsVersion = 26.2;
						TestTargetID = 29E3990A2F0E031100E98633;
					};
					29E399212F0E031200E98633 = {
						CreatedOnToolsVersion = 26.2;
						TestTargetID = 29E3990A2F0E031100E98633;
					};
					29EC90F12F487E73008C110A = {
						CreatedOnToolsVersion = 26.2;
					};
				};
			};
			buildConfigurationList = 29E399062F0E031100E98633 /* Build configuration list for PBXProject "FunnyPixelsApp" */;
			developmentRegion = en;
			hasScannedForEncodings = 0;
			knownRegions = (
				en,
				Base,
				"zh-Hans",
				ja,
				ko,
				es,
				"pt-BR",
			);
			mainGroup = 29E399022F0E031100E98633;
			minimizedProjectReferenceProxies = 1;
			packageReferences = (
				29E399402F0E900000E98633 /* XCRemoteSwiftPackageReference "Alamofire" */,
				29E399412F0E900100E98633 /* XCRemoteSwiftPackageReference "socket.io-client-swift" */,
				29E399422F0E900200E98633 /* XCRemoteSwiftPackageReference "realm-swift" */,
				29E399432F0E900300E98633 /* XCRemoteSwiftPackageReference "Kingfisher" */,
				29E399442F0E900400E98633 /* XCRemoteSwiftPackageReference "KeychainAccess" */,
				29E399452F0E900500E98633 /* XCRemoteSwiftPackageReference "swift-dependencies" */,
				29E399462F0E900600E98633 /* XCRemoteSwiftPackageReference "swift-log" */,
				29E399482F0E900800E98633 /* XCRemoteSwiftPackageReference "maplibre-gl-native-distribution" */,
				29CDEAC02F35E6B1003A2DCA /* XCRemoteSwiftPackageReference "GoogleSignIn-iOS" */,
			);
			preferredProjectObjectVersion = 77;
			productRefGroup = 29E3990C2F0E031100E98633 /* Products */;
			projectDirPath = "";
			projectRoot = "";
			targets = (
				29E3990A2F0E031100E98633 /* FunnyPixelsApp */,
				29E399172F0E031200E98633 /* FunnyPixelsAppTests */,
				29E399212F0E031200E98633 /* FunnyPixelsAppUITests */,
				29EC90F12F487E73008C110A /* FunnyPixelsWidgetExtension */,
			);
		};
/* End PBXProject section */

/* Begin PBXResourcesBuildPhase section */
		29E399092F0E031100E98633 /* Resources */ = {
			isa = PBXResourcesBuildPhase;
			buildActionMask = 2147483647;
			files = (
			);
			runOnlyForDeploymentPostprocessing = 0;
		};
		29E399162F0E031200E98633 /* Resources */ = {
			isa = PBXResourcesBuildPhase;
			buildActionMask = 2147483647;
			files = (
			);
			runOnlyForDeploymentPostprocessing = 0;
		};
		29E399202F0E031200E98633 /* Resources */ = {
			isa = PBXResourcesBuildPhase;
			buildActionMask = 2147483647;
			files = (
			);
			runOnlyForDeploymentPostprocessing = 0;
		};
		29EC90F02F487E73008C110A /* Resources */ = {
			isa = PBXResourcesBuildPhase;
			buildActionMask = 2147483647;
			files = (
			);
			runOnlyForDeploymentPostprocessing = 0;
		};
/* End PBXResourcesBuildPhase section */

/* Begin PBXSourcesBuildPhase section */
		29E399072F0E031100E98633 /* Sources */ = {
			isa = PBXSourcesBuildPhase;
			buildActionMask = 2147483647;
			files = (
			);
			runOnlyForDeploymentPostprocessing = 0;
		};
		29E399142F0E031200E98633 /* Sources */ = {
			isa = PBXSourcesBuildPhase;
			buildActionMask = 2147483647;
			files = (
			);
			runOnlyForDeploymentPostprocessing = 0;
		};
		29E3991E2F0E031200E98633 /* Sources */ = {
			isa = PBXSourcesBuildPhase;
			buildActionMask = 2147483647;
			files = (
			);
			runOnlyForDeploymentPostprocessing = 0;
		};
		29EC90EE2F487E73008C110A /* Sources */ = {
			isa = PBXSourcesBuildPhase;
			buildActionMask = 2147483647;
			files = (
			);
			runOnlyForDeploymentPostprocessing = 0;
		};
/* End PBXSourcesBuildPhase section */

/* Begin PBXTargetDependency section */
		29E3991A2F0E031200E98633 /* PBXTargetDependency */ = {
			isa = PBXTargetDependency;
			target = 29E3990A2F0E031100E98633 /* FunnyPixelsApp */;
			targetProxy = 29E399192F0E031200E98633 /* PBXContainerItemProxy */;
		};
		29E399242F0E031200E98633 /* PBXTargetDependency */ = {
			isa = PBXTargetDependency;
			target = 29E3990A2F0E031100E98633 /* FunnyPixelsApp */;
			targetProxy = 29E399232F0E031200E98633 /* PBXContainerItemProxy */;
		};
		29EC91072F487E73008C110A /* PBXTargetDependency */ = {
			isa = PBXTargetDependency;
			target = 29EC90F12F487E73008C110A /* FunnyPixelsWidgetExtension */;
			targetProxy = 29EC91062F487E73008C110A /* PBXContainerItemProxy */;
		};
/* End PBXTargetDependency section */

/* Begin XCBuildConfiguration section */
		29E3992A2F0E031200E98633 /* Debug */ = {
			isa = XCBuildConfiguration;
			buildSettings = {
				ALWAYS_SEARCH_USER_PATHS = NO;
				ASSETCATALOG_COMPILER_GENERATE_SWIFT_ASSET_SYMBOL_EXTENSIONS = YES;
				CLANG_ANALYZER_NONNULL = YES;
				CLANG_ANALYZER_NUMBER_OBJECT_CONVERSION = YES_AGGRESSIVE;
				CLANG_CXX_LANGUAGE_STANDARD = "gnu++20";
				CLANG_ENABLE_MODULES = YES;
				CLANG_ENABLE_OBJC_ARC = YES;
				CLANG_ENABLE_OBJC_WEAK = YES;
				CLANG_WARN_BLOCK_CAPTURE_AUTORELEASING = YES;
				CLANG_WARN_BOOL_CONVERSION = YES;
				CLANG_WARN_COMMA = YES;
				CLANG_WARN_CONSTANT_CONVERSION = YES;
				CLANG_WARN_DEPRECATED_OBJC_IMPLEMENTATIONS = YES;
				CLANG_WARN_DIRECT_OBJC_ISA_USAGE = YES_ERROR;
				CLANG_WARN_DOCUMENTATION_COMMENTS = YES;
				CLANG_WARN_EMPTY_BODY = YES;
				CLANG_WARN_ENUM_CONVERSION = YES;
				CLANG_WARN_INFINITE_RECURSION = YES;
				CLANG_WARN_INT_CONVERSION = YES;
				CLANG_WARN_NON_LITERAL_NULL_CONVERSION = YES;
				CLANG_WARN_OBJC_IMPLICIT_RETAIN_SELF = YES;
				CLANG_WARN_OBJC_LITERAL_CONVERSION = YES;
				CLANG_WARN_OBJC_ROOT_CLASS = YES_ERROR;
				CLANG_WARN_QUOTED_INCLUDE_IN_FRAMEWORK_HEADER = YES;
				CLANG_WARN_RANGE_LOOP_ANALYSIS = YES;
				CLANG_WARN_STRICT_PROTOTYPES = YES;
				CLANG_WARN_SUSPICIOUS_MOVE = YES;
				CLANG_WARN_UNGUARDED_AVAILABILITY = YES_AGGRESSIVE;
				CLANG_WARN_UNREACHABLE_CODE = YES;
				CLANG_WARN__DUPLICATE_METHOD_MATCH = YES;
				COPY_PHASE_STRIP = NO;
				DEBUG_INFORMATION_FORMAT = dwarf;
				DEVELOPMENT_TEAM = VL3HPHK35K;
				ENABLE_STRICT_OBJC_MSGSEND = YES;
				ENABLE_TESTABILITY = YES;
				ENABLE_USER_SCRIPT_SANDBOXING = YES;
				GCC_C_LANGUAGE_STANDARD = gnu17;
				GCC_DYNAMIC_NO_PIC = NO;
				GCC_NO_COMMON_BLOCKS = YES;
				GCC_OPTIMIZATION_LEVEL = 0;
				GCC_PREPROCESSOR_DEFINITIONS = (
					"DEBUG=1",
					"$(inherited)",
				);
				GCC_WARN_64_TO_32_BIT_CONVERSION = YES;
				GCC_WARN_ABOUT_RETURN_TYPE = YES_ERROR;
				GCC_WARN_UNDECLARED_SELECTOR = YES;
				GCC_WARN_UNINITIALIZED_AUTOS = YES_AGGRESSIVE;
				GCC_WARN_UNUSED_FUNCTION = YES;
				GCC_WARN_UNUSED_VARIABLE = YES;
				IPHONEOS_DEPLOYMENT_TARGET = 17.0;
				LOCALIZATION_PREFERS_STRING_CATALOGS = YES;
				MTL_ENABLE_DEBUG_INFO = INCLUDE_SOURCE;
				MTL_FAST_MATH = YES;
				ONLY_ACTIVE_ARCH = YES;
				SDKROOT = iphoneos;
				SWIFT_ACTIVE_COMPILATION_CONDITIONS = "DEBUG $(inherited)";
				SWIFT_OPTIMIZATION_LEVEL = "-Onone";
			};
			name = Debug;
		};
		29E3992B2F0E031200E98633 /* Release */ = {
			isa = XCBuildConfiguration;
			buildSettings = {
				ALWAYS_SEARCH_USER_PATHS = NO;
				ASSETCATALOG_COMPILER_GENERATE_SWIFT_ASSET_SYMBOL_EXTENSIONS = YES;
				CLANG_ANALYZER_NONNULL = YES;
				CLANG_ANALYZER_NUMBER_OBJECT_CONVERSION = YES_AGGRESSIVE;
				CLANG_CXX_LANGUAGE_STANDARD = "gnu++20";
				CLANG_ENABLE_MODULES = YES;
				CLANG_ENABLE_OBJC_ARC = YES;
				CLANG_ENABLE_OBJC_WEAK = YES;
				CLANG_WARN_BLOCK_CAPTURE_AUTORELEASING = YES;
				CLANG_WARN_BOOL_CONVERSION = YES;
				CLANG_WARN_COMMA = YES;
				CLANG_WARN_CONSTANT_CONVERSION = YES;
				CLANG_WARN_DEPRECATED_OBJC_IMPLEMENTATIONS = YES;
				CLANG_WARN_DIRECT_OBJC_ISA_USAGE = YES_ERROR;
				CLANG_WARN_DOCUMENTATION_COMMENTS = YES;
				CLANG_WARN_EMPTY_BODY = YES;
				CLANG_WARN_ENUM_CONVERSION = YES;
				CLANG_WARN_INFINITE_RECURSION = YES;
				CLANG_WARN_INT_CONVERSION = YES;
				CLANG_WARN_NON_LITERAL_NULL_CONVERSION = YES;
				CLANG_WARN_OBJC_IMPLICIT_RETAIN_SELF = YES;
				CLANG_WARN_OBJC_LITERAL_CONVERSION = YES;
				CLANG_WARN_OBJC_ROOT_CLASS = YES_ERROR;
				CLANG_WARN_QUOTED_INCLUDE_IN_FRAMEWORK_HEADER = YES;
				CLANG_WARN_RANGE_LOOP_ANALYSIS = YES;
				CLANG_WARN_STRICT_PROTOTYPES = YES;
				CLANG_WARN_SUSPICIOUS_MOVE = YES;
				CLANG_WARN_UNGUARDED_AVAILABILITY = YES_AGGRESSIVE;
				CLANG_WARN_UNREACHABLE_CODE = YES;
				CLANG_WARN__DUPLICATE_METHOD_MATCH = YES;
				COPY_PHASE_STRIP = NO;
				DEBUG_INFORMATION_FORMAT = "dwarf-with-dsym";
				DEVELOPMENT_TEAM = VL3HPHK35K;
				ENABLE_NS_ASSERTIONS = NO;
				ENABLE_STRICT_OBJC_MSGSEND = YES;
				ENABLE_USER_SCRIPT_SANDBOXING = YES;
				GCC_C_LANGUAGE_STANDARD = gnu17;
				GCC_NO_COMMON_BLOCKS = YES;
				GCC_WARN_64_TO_32_BIT_CONVERSION = YES;
				GCC_WARN_ABOUT_RETURN_TYPE = YES_ERROR;
				GCC_WARN_UNDECLARED_SELECTOR = YES;
				GCC_WARN_UNINITIALIZED_AUTOS = YES_AGGRESSIVE;
				GCC_WARN_UNUSED_FUNCTION = YES;
				GCC_WARN_UNUSED_VARIABLE = YES;
				IPHONEOS_DEPLOYMENT_TARGET = 17.0;
				LOCALIZATION_PREFERS_STRING_CATALOGS = YES;
				MTL_ENABLE_DEBUG_INFO = NO;
				MTL_FAST_MATH = YES;
				SDKROOT = iphoneos;
				SWIFT_COMPILATION_MODE = wholemodule;
				VALIDATE_PRODUCT = YES;
			};
			name = Release;
		};
		29E3992D2F0E031200E98633 /* Debug */ = {
			isa = XCBuildConfiguration;
			buildSettings = {
				ASSETCATALOG_COMPILER_APPICON_NAME = AppIcon;
				ASSETCATALOG_COMPILER_GLOBAL_ACCENT_COLOR_NAME = AccentColor;
				CODE_SIGN_ENTITLEMENTS = FunnyPixelsApp/FunnyPixelsApp.entitlements;
				CODE_SIGN_STYLE = Automatic;
				CURRENT_PROJECT_VERSION = 1;
				DEVELOPMENT_TEAM = VL3HPHK35K;
				ENABLE_PREVIEWS = YES;
				GENERATE_INFOPLIST_FILE = YES;
				INFOPLIST_FILE = FunnyPixelsApp/Info.plist;
				INFOPLIST_KEY_NSCameraUsageDescription = "We need access to the camera to take a photo for your avatar";
				INFOPLIST_KEY_NSLocationAlwaysAndWhenInUseUsageDescription = "We need your location to track your pixel drawing path";
				INFOPLIST_KEY_NSLocationWhenInUseUsageDescription = "We need your location to show pixels on the map";
				INFOPLIST_KEY_NSPhotoLibraryAddUsageDescription = "We need to save your avatar to your photo library";
				INFOPLIST_KEY_NSPhotoLibraryUsageDescription = "We need access to your photo library to select images for your avatar";
				INFOPLIST_KEY_UIApplicationSceneManifest_Generation = YES;
				INFOPLIST_KEY_UIApplicationSupportsIndirectInputEvents = YES;
				INFOPLIST_KEY_UISupportedInterfaceOrientations_iPad = "UIInterfaceOrientationPortrait UIInterfaceOrientationPortraitUpsideDown UIInterfaceOrientationLandscapeLeft UIInterfaceOrientationLandscapeRight";
				INFOPLIST_KEY_UISupportedInterfaceOrientations_iPhone = "UIInterfaceOrientationPortrait UIInterfaceOrientationLandscapeLeft UIInterfaceOrientationLandscapeRight";
				IPHONEOS_DEPLOYMENT_TARGET = 17.0;
				LD_RUNPATH_SEARCH_PATHS = (
					"$(inherited)",
					"@executable_path/Frameworks",
				);
				MARKETING_VERSION = 1.0;
				PRODUCT_BUNDLE_IDENTIFIER = com.funnypixels.FunnyPixelsApp;
				PRODUCT_NAME = "$(TARGET_NAME)";
				STRING_CATALOG_GENERATE_SYMBOLS = YES;
				SWIFT_APPROACHABLE_CONCURRENCY = YES;
				SWIFT_DEFAULT_ACTOR_ISOLATION = MainActor;
				SWIFT_EMIT_LOC_STRINGS = YES;
				SWIFT_UPCOMING_FEATURE_MEMBER_IMPORT_VISIBILITY = YES;
				SWIFT_VERSION = 5.0;
				TARGETED_DEVICE_FAMILY = "1,2";
			};
			name = Debug;
		};
		29E3992E2F0E031200E98633 /* Release */ = {
			isa = XCBuildConfiguration;
			buildSettings = {
				ASSETCATALOG_COMPILER_APPICON_NAME = AppIcon;
				ASSETCATALOG_COMPILER_GLOBAL_ACCENT_COLOR_NAME = AccentColor;
				CODE_SIGN_ENTITLEMENTS = FunnyPixelsApp/FunnyPixelsApp.entitlements;
				CODE_SIGN_STYLE = Automatic;
				CURRENT_PROJECT_VERSION = 1;
				DEVELOPMENT_TEAM = VL3HPHK35K;
				ENABLE_PREVIEWS = YES;
				GENERATE_INFOPLIST_FILE = YES;
				INFOPLIST_FILE = FunnyPixelsApp/Info.plist;
				INFOPLIST_KEY_NSCameraUsageDescription = "We need access to the camera to take a photo for your avatar";
				INFOPLIST_KEY_NSLocationAlwaysAndWhenInUseUsageDescription = "We need your location to track your pixel drawing path";
				INFOPLIST_KEY_NSLocationWhenInUseUsageDescription = "We need your location to show pixels on the map";
				INFOPLIST_KEY_NSPhotoLibraryAddUsageDescription = "We need to save your avatar to your photo library";
				INFOPLIST_KEY_NSPhotoLibraryUsageDescription = "We need access to your photo library to select images for your avatar";
				INFOPLIST_KEY_UIApplicationSceneManifest_Generation = YES;
				INFOPLIST_KEY_UIApplicationSupportsIndirectInputEvents = YES;
				INFOPLIST_KEY_UISupportedInterfaceOrientations_iPad = "UIInterfaceOrientationPortrait UIInterfaceOrientationPortraitUpsideDown UIInterfaceOrientationLandscapeLeft UIInterfaceOrientationLandscapeRight";
				INFOPLIST_KEY_UISupportedInterfaceOrientations_iPhone = "UIInterfaceOrientationPortrait UIInterfaceOrientationLandscapeLeft UIInterfaceOrientationLandscapeRight";
				IPHONEOS_DEPLOYMENT_TARGET = 17.0;
				LD_RUNPATH_SEARCH_PATHS = (
					"$(inherited)",
					"@executable_path/Frameworks",
				);
				MARKETING_VERSION = 1.0;
				PRODUCT_BUNDLE_IDENTIFIER = com.funnypixels.FunnyPixelsApp;
				PRODUCT_NAME = "$(TARGET_NAME)";
				STRING_CATALOG_GENERATE_SYMBOLS = YES;
				SWIFT_APPROACHABLE_CONCURRENCY = YES;
				SWIFT_DEFAULT_ACTOR_ISOLATION = MainActor;
				SWIFT_EMIT_LOC_STRINGS = YES;
				SWIFT_UPCOMING_FEATURE_MEMBER_IMPORT_VISIBILITY = YES;
				SWIFT_VERSION = 5.0;
				TARGETED_DEVICE_FAMILY = "1,2";
			};
			name = Release;
		};
		29E399302F0E031200E98633 /* Debug */ = {
			isa = XCBuildConfiguration;
			buildSettings = {
				BUNDLE_LOADER = "$(TEST_HOST)";
				CODE_SIGN_STYLE = Automatic;
				CURRENT_PROJECT_VERSION = 1;
				DEVELOPMENT_TEAM = VL3HPHK35K;
				GENERATE_INFOPLIST_FILE = YES;
				IPHONEOS_DEPLOYMENT_TARGET = 17.0;
				MARKETING_VERSION = 1.0;
				PRODUCT_BUNDLE_IDENTIFIER = com.funnypixels.FunnyPixelsAppTests;
				PRODUCT_NAME = "$(TARGET_NAME)";
				STRING_CATALOG_GENERATE_SYMBOLS = NO;
				SWIFT_APPROACHABLE_CONCURRENCY = YES;
				SWIFT_EMIT_LOC_STRINGS = NO;
				SWIFT_UPCOMING_FEATURE_MEMBER_IMPORT_VISIBILITY = YES;
				SWIFT_VERSION = 5.0;
				TARGETED_DEVICE_FAMILY = "1,2";
				TEST_HOST = "$(BUILT_PRODUCTS_DIR)/FunnyPixelsApp.app/$(BUNDLE_EXECUTABLE_FOLDER_PATH)/FunnyPixelsApp";
			};
			name = Debug;
		};
		29E399312F0E031200E98633 /* Release */ = {
			isa = XCBuildConfiguration;
			buildSettings = {
				BUNDLE_LOADER = "$(TEST_HOST)";
				CODE_SIGN_STYLE = Automatic;
				CURRENT_PROJECT_VERSION = 1;
				DEVELOPMENT_TEAM = VL3HPHK35K;
				GENERATE_INFOPLIST_FILE = YES;
				IPHONEOS_DEPLOYMENT_TARGET = 17.0;
				MARKETING_VERSION = 1.0;
				PRODUCT_BUNDLE_IDENTIFIER = com.funnypixels.FunnyPixelsAppTests;
				PRODUCT_NAME = "$(TARGET_NAME)";
				STRING_CATALOG_GENERATE_SYMBOLS = NO;
				SWIFT_APPROACHABLE_CONCURRENCY = YES;
				SWIFT_EMIT_LOC_STRINGS = NO;
				SWIFT_UPCOMING_FEATURE_MEMBER_IMPORT_VISIBILITY = YES;
				SWIFT_VERSION = 5.0;
				TARGETED_DEVICE_FAMILY = "1,2";
				TEST_HOST = "$(BUILT_PRODUCTS_DIR)/FunnyPixelsApp.app/$(BUNDLE_EXECUTABLE_FOLDER_PATH)/FunnyPixelsApp";
			};
			name = Release;
		};
		29E399332F0E031200E98633 /* Debug */ = {
			isa = XCBuildConfiguration;
			buildSettings = {
				CODE_SIGN_STYLE = Automatic;
				CURRENT_PROJECT_VERSION = 1;
				DEVELOPMENT_TEAM = VL3HPHK35K;
				GENERATE_INFOPLIST_FILE = YES;
				MARKETING_VERSION = 1.0;
				PRODUCT_BUNDLE_IDENTIFIER = com.funnypixels.FunnyPixelsAppUITests;
				PRODUCT_NAME = "$(TARGET_NAME)";
				STRING_CATALOG_GENERATE_SYMBOLS = NO;
				SWIFT_APPROACHABLE_CONCURRENCY = YES;
				SWIFT_EMIT_LOC_STRINGS = NO;
				SWIFT_UPCOMING_FEATURE_MEMBER_IMPORT_VISIBILITY = YES;
				SWIFT_VERSION = 5.0;
				TARGETED_DEVICE_FAMILY = "1,2";
				TEST_TARGET_NAME = FunnyPixelsApp;
			};
			name = Debug;
		};
		29E399342F0E031200E98633 /* Release */ = {
			isa = XCBuildConfiguration;
			buildSettings = {
				CODE_SIGN_STYLE = Automatic;
				CURRENT_PROJECT_VERSION = 1;
				DEVELOPMENT_TEAM = VL3HPHK35K;
				GENERATE_INFOPLIST_FILE = YES;
				MARKETING_VERSION = 1.0;
				PRODUCT_BUNDLE_IDENTIFIER = com.funnypixels.FunnyPixelsAppUITests;
				PRODUCT_NAME = "$(TARGET_NAME)";
				STRING_CATALOG_GENERATE_SYMBOLS = NO;
				SWIFT_APPROACHABLE_CONCURRENCY = YES;
				SWIFT_EMIT_LOC_STRINGS = NO;
				SWIFT_UPCOMING_FEATURE_MEMBER_IMPORT_VISIBILITY = YES;
				SWIFT_VERSION = 5.0;
				TARGETED_DEVICE_FAMILY = "1,2";
				TEST_TARGET_NAME = FunnyPixelsApp;
			};
			name = Release;
		};
		29EC910A2F487E73008C110A /* Debug */ = {
			isa = XCBuildConfiguration;
			buildSettings = {
				ASSETCATALOG_COMPILER_GLOBAL_ACCENT_COLOR_NAME = AccentColor;
				ASSETCATALOG_COMPILER_WIDGET_BACKGROUND_COLOR_NAME = WidgetBackground;
				CODE_SIGN_STYLE = Automatic;
				CURRENT_PROJECT_VERSION = 1;
				DEVELOPMENT_TEAM = VL3HPHK35K;
				GENERATE_INFOPLIST_FILE = YES;
				INFOPLIST_FILE = FunnyPixelsWidget/Info.plist;
				INFOPLIST_KEY_CFBundleDisplayName = FunnyPixelsWidget;
				INFOPLIST_KEY_NSHumanReadableCopyright = "";
				IPHONEOS_DEPLOYMENT_TARGET = 17.0;
				LD_RUNPATH_SEARCH_PATHS = (
					"$(inherited)",
					"@executable_path/Frameworks",
					"@executable_path/../../Frameworks",
				);
				MARKETING_VERSION = 1.0;
				PRODUCT_BUNDLE_IDENTIFIER = com.funnypixels.FunnyPixelsApp.FunnyPixelsWidget;
				PRODUCT_NAME = "$(TARGET_NAME)";
				SKIP_INSTALL = YES;
				STRING_CATALOG_GENERATE_SYMBOLS = YES;
				SWIFT_APPROACHABLE_CONCURRENCY = YES;
				SWIFT_EMIT_LOC_STRINGS = YES;
				SWIFT_UPCOMING_FEATURE_MEMBER_IMPORT_VISIBILITY = YES;
				SWIFT_VERSION = 5.0;
				TARGETED_DEVICE_FAMILY = "1,2";
			};
			name = Debug;
		};
		29EC910B2F487E73008C110A /* Release */ = {
			isa = XCBuildConfiguration;
			buildSettings = {
				ASSETCATALOG_COMPILER_GLOBAL_ACCENT_COLOR_NAME = AccentColor;
				ASSETCATALOG_COMPILER_WIDGET_BACKGROUND_COLOR_NAME = WidgetBackground;
				CODE_SIGN_STYLE = Automatic;
				CURRENT_PROJECT_VERSION = 1;
				DEVELOPMENT_TEAM = VL3HPHK35K;
				GENERATE_INFOPLIST_FILE = YES;
				INFOPLIST_FILE = FunnyPixelsWidget/Info.plist;
				INFOPLIST_KEY_CFBundleDisplayName = FunnyPixelsWidget;
				INFOPLIST_KEY_NSHumanReadableCopyright = "";
				IPHONEOS_DEPLOYMENT_TARGET = 17.0;
				LD_RUNPATH_SEARCH_PATHS = (
					"$(inherited)",
					"@executable_path/Frameworks",
					"@executable_path/../../Frameworks",
				);
				MARKETING_VERSION = 1.0;
				PRODUCT_BUNDLE_IDENTIFIER = com.funnypixels.FunnyPixelsApp.FunnyPixelsWidget;
				PRODUCT_NAME = "$(TARGET_NAME)";
				SKIP_INSTALL = YES;
				STRING_CATALOG_GENERATE_SYMBOLS = YES;
				SWIFT_APPROACHABLE_CONCURRENCY = YES;
				SWIFT_EMIT_LOC_STRINGS = YES;
				SWIFT_UPCOMING_FEATURE_MEMBER_IMPORT_VISIBILITY = YES;
				SWIFT_VERSION = 5.0;
				TARGETED_DEVICE_FAMILY = "1,2";
			};
			name = Release;
		};
/* End XCBuildConfiguration section */

/* Begin XCConfigurationList section */
		29E399062F0E031100E98633 /* Build configuration list for PBXProject "FunnyPixelsApp" */ = {
			isa = XCConfigurationList;
			buildConfigurations = (
				29E3992A2F0E031200E98633 /* Debug */,
				29E3992B2F0E031200E98633 /* Release */,
			);
			defaultConfigurationIsVisible = 0;
			defaultConfigurationName = Release;
		};
		29E3992C2F0E031200E98633 /* Build configuration list for PBXNativeTarget "FunnyPixelsApp" */ = {
			isa = XCConfigurationList;
			buildConfigurations = (
				29E3992D2F0E031200E98633 /* Debug */,
				29E3992E2F0E031200E98633 /* Release */,
			);
			defaultConfigurationIsVisible = 0;
			defaultConfigurationName = Release;
		};
		29E3992F2F0E031200E98633 /* Build configuration list for PBXNativeTarget "FunnyPixelsAppTests" */ = {
			isa = XCConfigurationList;
			buildConfigurations = (
				29E399302F0E031200E98633 /* Debug */,
				29E399312F0E031200E98633 /* Release */,
			);
			defaultConfigurationIsVisible = 0;
			defaultConfigurationName = Release;
		};
		29E399322F0E031200E98633 /* Build configuration list for PBXNativeTarget "FunnyPixelsAppUITests" */ = {
			isa = XCConfigurationList;
			buildConfigurations = (
				29E399332F0E031200E98633 /* Debug */,
				29E399342F0E031200E98633 /* Release */,
			);
			defaultConfigurationIsVisible = 0;
			defaultConfigurationName = Release;
		};
		29EC910C2F487E73008C110A /* Build configuration list for PBXNativeTarget "FunnyPixelsWidgetExtension" */ = {
			isa = XCConfigurationList;
			buildConfigurations = (
				29EC910A2F487E73008C110A /* Debug */,
				29EC910B2F487E73008C110A /* Release */,
			);
			defaultConfigurationIsVisible = 0;
			defaultConfigurationName = Release;
		};
/* End XCConfigurationList section */

/* Begin XCRemoteSwiftPackageReference section */
		29CDEAC02F35E6B1003A2DCA /* XCRemoteSwiftPackageReference "GoogleSignIn-iOS" */ = {
			isa = XCRemoteSwiftPackageReference;
			repositoryURL = "https://github.com/google/GoogleSignIn-iOS";
			requirement = {
				kind = upToNextMajorVersion;
				minimumVersion = 9.1.0;
			};
		};
		29E399402F0E900000E98633 /* XCRemoteSwiftPackageReference "Alamofire" */ = {
			isa = XCRemoteSwiftPackageReference;
			repositoryURL = "https://github.com/Alamofire/Alamofire.git";
			requirement = {
				kind = upToNextMajorVersion;
				minimumVersion = 5.8.0;
			};
		};
		29E399412F0E900100E98633 /* XCRemoteSwiftPackageReference "socket.io-client-swift" */ = {
			isa = XCRemoteSwiftPackageReference;
			repositoryURL = "https://github.com/socketio/socket.io-client-swift.git";
			requirement = {
				kind = upToNextMajorVersion;
				minimumVersion = 16.0.1;
			};
		};
		29E399422F0E900200E98633 /* XCRemoteSwiftPackageReference "realm-swift" */ = {
			isa = XCRemoteSwiftPackageReference;
			repositoryURL = "https://github.com/realm/realm-swift.git";
			requirement = {
				kind = upToNextMajorVersion;
				minimumVersion = 10.42.0;
			};
		};
		29E399432F0E900300E98633 /* XCRemoteSwiftPackageReference "Kingfisher" */ = {
			isa = XCRemoteSwiftPackageReference;
			repositoryURL = "https://github.com/onevcat/Kingfisher.git";
			requirement = {
				kind = upToNextMajorVersion;
				minimumVersion = 7.9.0;
			};
		};
		29E399442F0E900400E98633 /* XCRemoteSwiftPackageReference "KeychainAccess" */ = {
			isa = XCRemoteSwiftPackageReference;
			repositoryURL = "https://github.com/kishikawakatsumi/KeychainAccess.git";
			requirement = {
				kind = upToNextMajorVersion;
				minimumVersion = 4.2.2;
			};
		};
		29E399452F0E900500E98633 /* XCRemoteSwiftPackageReference "swift-dependencies" */ = {
			isa = XCRemoteSwiftPackageReference;
			repositoryURL = "https://github.com/pointfreeco/swift-dependencies.git";
			requirement = {
				kind = upToNextMajorVersion;
				minimumVersion = 1.0.0;
			};
		};
		29E399462F0E900600E98633 /* XCRemoteSwiftPackageReference "swift-log" */ = {
			isa = XCRemoteSwiftPackageReference;
			repositoryURL = "https://github.com/apple/swift-log.git";
			requirement = {
				kind = upToNextMajorVersion;
				minimumVersion = 1.5.3;
			};
		};
		29E399482F0E900800E98633 /* XCRemoteSwiftPackageReference "maplibre-gl-native-distribution" */ = {
			isa = XCRemoteSwiftPackageReference;
			repositoryURL = "https://github.com/maplibre/maplibre-gl-native-distribution.git";
			requirement = {
				kind = upToNextMajorVersion;
				minimumVersion = 6.0.0;
			};
		};
/* End XCRemoteSwiftPackageReference section */

/* Begin XCSwiftPackageProductDependency section */
		29CDEAC12F35E6B1003A2DCA /* GoogleSignIn */ = {
			isa = XCSwiftPackageProductDependency;
			package = 29CDEAC02F35E6B1003A2DCA /* XCRemoteSwiftPackageReference "GoogleSignIn-iOS" */;
			productName = GoogleSignIn;
		};
		29E399492F0E900000E98633 /* Alamofire */ = {
			isa = XCSwiftPackageProductDependency;
			package = 29E399402F0E900000E98633 /* XCRemoteSwiftPackageReference "Alamofire" */;
			productName = Alamofire;
		};
		29E3994A2F0E900100E98633 /* SocketIO */ = {
			isa = XCSwiftPackageProductDependency;
			package = 29E399412F0E900100E98633 /* XCRemoteSwiftPackageReference "socket.io-client-swift" */;
			productName = SocketIO;
		};
		29E3994B2F0E900200E98633 /* RealmSwift */ = {
			isa = XCSwiftPackageProductDependency;
			package = 29E399422F0E900200E98633 /* XCRemoteSwiftPackageReference "realm-swift" */;
			productName = RealmSwift;
		};
		29E3994C2F0E900300E98633 /* Kingfisher */ = {
			isa = XCSwiftPackageProductDependency;
			package = 29E399432F0E900300E98633 /* XCRemoteSwiftPackageReference "Kingfisher" */;
			productName = Kingfisher;
		};
		29E3994D2F0E900400E98633 /* KeychainAccess */ = {
			isa = XCSwiftPackageProductDependency;
			package = 29E399442F0E900400E98633 /* XCRemoteSwiftPackageReference "KeychainAccess" */;
			productName = KeychainAccess;
		};
		29E3994E2F0E900500E98633 /* Dependencies */ = {
			isa = XCSwiftPackageProductDependency;
			package = 29E399452F0E900500E98633 /* XCRemoteSwiftPackageReference "swift-dependencies" */;
			productName = Dependencies;
		};
		29E3994F2F0E900600E98633 /* Logging */ = {
			isa = XCSwiftPackageProductDependency;
			package = 29E399462F0E900600E98633 /* XCRemoteSwiftPackageReference "swift-log" */;
			productName = Logging;
		};
		29E399512F0E900800E98633 /* MapLibre */ = {
			isa = XCSwiftPackageProductDependency;
			package = 29E399482F0E900800E98633 /* XCRemoteSwiftPackageReference "maplibre-gl-native-distribution" */;
			productName = MapLibre;
		};
/* End XCSwiftPackageProductDependency section */
	};
	rootObject = 29E399032F0E031100E98633 /* Project object */;
}
